{
  "name": "dev-test-project",
  "lockfileVersion": 3,
  "requires": true,
  "packages": {
    "": {
      "devDependencies": {
        "@grafbase/sdk": "^0.21.0",
        "grafbase": "^0.68.0"
      }
    },
    "node_modules/@grafbase/cli-aarch64-apple-darwin": {
      "version": "0.68.0",
      "resolved": "https://registry.npmjs.org/@grafbase/cli-aarch64-apple-darwin/-/cli-aarch64-apple-darwin-0.68.0.tgz",
      "integrity": "sha512-8GeoG5YVOfmMIu33t+dcena9Pp5egZ/DXhIZPNtMHngcda/MncjVXMDrbQzjuq4JVORzlFieejPBwRSQ7SRDVA==",
      "cpu": [
        "arm64"
      ],
      "dev": true,
      "optional": true,
      "os": [
        "darwin"
      ]
    },
    "node_modules/@grafbase/cli-aarch64-unknown-linux-musl": {
      "version": "0.68.0",
      "resolved": "https://registry.npmjs.org/@grafbase/cli-aarch64-unknown-linux-musl/-/cli-aarch64-unknown-linux-musl-0.68.0.tgz",
      "integrity": "sha512-Z4sTJDOdiChmZ1hkR7FEUtxKYU52F/ZbysRcMZcnH09LZYeodrwlo+PsfQWzcTbKJ0lJjfzfAmOu6Kk6fi/+Zg==",
      "cpu": [
        "arm64"
      ],
      "dev": true,
      "optional": true,
      "os": [
        "linux"
      ]
    },
    "node_modules/@grafbase/cli-x86_64-apple-darwin": {
      "version": "0.68.0",
      "resolved": "https://registry.npmjs.org/@grafbase/cli-x86_64-apple-darwin/-/cli-x86_64-apple-darwin-0.68.0.tgz",
      "integrity": "sha512-7Pxgh1ZHDX+zVGkb77lZciFqhUB6X/Mk29m7hG2GRUDmeq1MVk3l9iyIdS6MkQPNqHUx827dqrfQ1LwJDn+uFw==",
      "cpu": [
        "x64"
      ],
      "dev": true,
      "optional": true,
      "os": [
        "darwin"
      ]
    },
    "node_modules/@grafbase/cli-x86_64-pc-windows-msvc": {
      "version": "0.68.0",
      "resolved": "https://registry.npmjs.org/@grafbase/cli-x86_64-pc-windows-msvc/-/cli-x86_64-pc-windows-msvc-0.68.0.tgz",
      "integrity": "sha512-30++E5J3IYcIHeVU/q/pr0ZFfCDBoxCU01pGq1wzEJvPxIz0t+pNVO7/qIp4MZaXfFFWRdfetMNO6nILWjk5oQ==",
      "cpu": [
        "x64"
      ],
      "dev": true,
      "optional": true,
      "os": [
        "win32"
      ]
    },
    "node_modules/@grafbase/cli-x86_64-unknown-linux-musl": {
      "version": "0.68.0",
      "resolved": "https://registry.npmjs.org/@grafbase/cli-x86_64-unknown-linux-musl/-/cli-x86_64-unknown-linux-musl-0.68.0.tgz",
      "integrity": "sha512-MilWK2huDcXDOqXkHjPA2CN1O3h97c27F68q9Ik5aPSBcV4TEThD14oR+Z4OvMutpEZBYH2YSV1jYzqWxf++nQ==",
      "cpu": [
        "x64"
      ],
      "dev": true,
      "optional": true,
      "os": [
        "linux"
      ]
    },
    "node_modules/@grafbase/sdk": {
      "version": "0.21.0",
      "resolved": "https://registry.npmjs.org/@grafbase/sdk/-/sdk-0.21.0.tgz",
      "integrity": "sha512-X1aZ4vJq6+FwarCUzQVvf2e5rGXexESdtAvBNW2MHawNL6xrSIH4CpmuRMPI/2XDEGwlDlpet4n61ZFrr3K8iQ==",
      "dev": true,
      "dependencies": {
        "dotenv": "^16.1.4",
        "type-fest": "^4.0.0"
      },
      "engines": {
        "node": ">=16.13.0"
      }
    },
    "node_modules/dotenv": {
      "version": "16.3.1",
      "resolved": "https://registry.npmjs.org/dotenv/-/dotenv-16.3.1.tgz",
      "integrity": "sha512-IPzF4w4/Rd94bA9imS68tZBaYyBWSCE47V1RGuMrB94iyTOIEwRmVL2x/4An+6mETpLrKJ5hQkB8W4kFAadeIQ==",
      "dev": true,
      "engines": {
        "node": ">=12"
      },
      "funding": {
        "url": "https://github.com/motdotla/dotenv?sponsor=1"
      }
    },
    "node_modules/grafbase": {
      "version": "0.68.0",
      "resolved": "https://registry.npmjs.org/grafbase/-/grafbase-0.68.0.tgz",
      "integrity": "sha512-T7I1AJOqpA+8ioaz2O1bxdV43jaolABXfR9rjebQ1atXBt9t1KjW5aHI6ih+MvrNI0ehkD/TLfR1/yerUM18Vg==",
      "dev": true,
      "hasInstallScript": true,
      "bin": {
        "gb": "grafbase",
        "grafbase": "grafbase"
      },
      "optionalDependencies": {
        "@grafbase/cli-aarch64-apple-darwin": "^0.68.0",
        "@grafbase/cli-aarch64-unknown-linux-musl": "^0.68.0",
        "@grafbase/cli-x86_64-apple-darwin": "^0.68.0",
        "@grafbase/cli-x86_64-pc-windows-msvc": "^0.68.0",
        "@grafbase/cli-x86_64-unknown-linux-musl": "^0.68.0"
      }
    },
    "node_modules/type-fest": {
      "version": "4.10.2",
      "resolved": "https://registry.npmjs.org/type-fest/-/type-fest-4.10.2.tgz",
      "integrity": "sha512-anpAG63wSpdEbLwOqH8L84urkL6PiVIov3EMmgIhhThevh9aiMQov+6Btx0wldNcvm4wV+e2/Rt1QdDwKHFbHw==",
      "dev": true,
      "engines": {
        "node": ">=16"
      },
      "funding": {
        "url": "https://github.com/sponsors/sindresorhus"
      }
    }
  }
}
