{
  "name": "dev-test-project",
  "lockfileVersion": 3,
  "requires": true,
  "packages": {
    "": {
      "devDependencies": {
        "@grafbase/sdk": "^0.8.0",
        "grafbase": "^0.45.6"
      }
    },
    "node_modules/@grafbase/cli-aarch64-apple-darwin": {
      "version": "0.45.6",
      "resolved": "https://registry.npmjs.org/@grafbase/cli-aarch64-apple-darwin/-/cli-aarch64-apple-darwin-0.45.6.tgz",
      "integrity": "sha512-UvCt8rxo15OvoyqJiN/FecNWIPywe8QqxvBcSBF8T1e2jbeZprP/SptU9ZclvbgQshWD5wOMZFa6GCBLAwfsbg==",
      "cpu": [
        "arm64"
      ],
      "dev": true,
      "optional": true,
      "os": [
        "darwin"
      ]
    },
    "node_modules/@grafbase/cli-aarch64-unknown-linux-musl": {
      "version": "0.45.6",
      "resolved": "https://registry.npmjs.org/@grafbase/cli-aarch64-unknown-linux-musl/-/cli-aarch64-unknown-linux-musl-0.45.6.tgz",
      "integrity": "sha512-5b88XbpKTVZqZY2TAfB2widp/U5GvmTAUPZTAd7L7qNcNMNfERyEphu0OGtH4Urkt0CNdK9Vr/HVhPlC3v02GA==",
      "cpu": [
        "arm64"
      ],
      "dev": true,
      "optional": true,
      "os": [
        "linux"
      ]
    },
    "node_modules/@grafbase/cli-x86_64-apple-darwin": {
      "version": "0.45.6",
      "resolved": "https://registry.npmjs.org/@grafbase/cli-x86_64-apple-darwin/-/cli-x86_64-apple-darwin-0.45.6.tgz",
      "integrity": "sha512-/f0TVTn3m5Ne9Ns4k0mZSSkq2cwh8csPazRK19K2K4PDKHQ4Bz+r/fAap1CzFeGpP+mqnBATM7G/yxzyRCE9xA==",
      "cpu": [
        "x64"
      ],
      "dev": true,
      "optional": true,
      "os": [
        "darwin"
      ]
    },
    "node_modules/@grafbase/cli-x86_64-pc-windows-msvc": {
      "version": "0.45.6",
      "resolved": "https://registry.npmjs.org/@grafbase/cli-x86_64-pc-windows-msvc/-/cli-x86_64-pc-windows-msvc-0.45.6.tgz",
      "integrity": "sha512-6QF+ECysd2xmWo22uwPZ5AK3eDJl6ZUoMmnek8IdtmESUxmbPUfufVtd5ew0RP8TPZNWgUCvEGtpZu/s9/+sfw==",
      "cpu": [
        "x64"
      ],
      "dev": true,
      "optional": true,
      "os": [
        "win32"
      ]
    },
    "node_modules/@grafbase/cli-x86_64-unknown-linux-musl": {
      "version": "0.45.6",
      "resolved": "https://registry.npmjs.org/@grafbase/cli-x86_64-unknown-linux-musl/-/cli-x86_64-unknown-linux-musl-0.45.6.tgz",
      "integrity": "sha512-43SvZr984iojGi3M5QRor52CG8XO5t6DlY3aLNv6pmj3GJawPb4VmAChXvRVpbsyFp+DH3SHWQbYedmlQ17ogg==",
      "cpu": [
        "x64"
      ],
      "dev": true,
      "optional": true,
      "os": [
        "linux"
      ]
    },
    "node_modules/@grafbase/sdk": {
      "version": "0.8.0",
      "resolved": "https://registry.npmjs.org/@grafbase/sdk/-/sdk-0.8.0.tgz",
      "integrity": "sha512-CwkrDWZzlDXP6WWRLnbWWW3y5wTidjsG0/eHuTrziyAoickdpamA8DksO9kQ80qbpo8iZYORlxgk6fMXxKNycA==",
      "dev": true,
      "dependencies": {
        "dotenv": "^16.1.4",
        "type-fest": "^3.9.0"
      },
      "engines": {
        "node": ">=16.13.0"
      }
    },
    "node_modules/dotenv": {
      "version": "16.3.1",
      "resolved": "https://registry.npmjs.org/dotenv/-/dotenv-16.3.1.tgz",
      "integrity": "sha512-IPzF4w4/Rd94bA9imS68tZBaYyBWSCE47V1RGuMrB94iyTOIEwRmVL2x/4An+6mETpLrKJ5hQkB8W4kFAadeIQ==",
      "dev": true,
      "engines": {
        "node": ">=12"
      },
      "funding": {
        "url": "https://github.com/motdotla/dotenv?sponsor=1"
      }
    },
    "node_modules/grafbase": {
      "version": "0.45.6",
      "resolved": "https://registry.npmjs.org/grafbase/-/grafbase-0.45.6.tgz",
      "integrity": "sha512-6jj0RIroc0qJr0iPAExWrzc+K+jNFAmSVqCWUafgQ1Js+5wUpXCHB3cUoY4qm5qEc7pqp7fYZRxI5GdFS6HvJQ==",
      "dev": true,
      "hasInstallScript": true,
      "bin": {
        "gb": "grafbase",
        "grafbase": "grafbase"
      },
      "optionalDependencies": {
        "@grafbase/cli-aarch64-apple-darwin": "^0.45.6",
        "@grafbase/cli-aarch64-unknown-linux-musl": "^0.45.6",
        "@grafbase/cli-x86_64-apple-darwin": "^0.45.6",
        "@grafbase/cli-x86_64-pc-windows-msvc": "^0.45.6",
        "@grafbase/cli-x86_64-unknown-linux-musl": "^0.45.6"
      }
    },
    "node_modules/type-fest": {
      "version": "3.12.0",
      "resolved": "https://registry.npmjs.org/type-fest/-/type-fest-3.12.0.tgz",
      "integrity": "sha512-qj9wWsnFvVEMUDbESiilKeXeHL7FwwiFcogfhfyjmvT968RXSvnl23f1JOClTHYItsi7o501C/7qVllscUP3oA==",
      "dev": true,
      "engines": {
        "node": ">=14.16"
      },
      "funding": {
        "url": "https://github.com/sponsors/sindresorhus"
      }
    }
  }
}
